// !$*UTF8*$!
{
	archiveVersion = 1;
	classes = {
	};
	objectVersion = 46;
	objects = {

/* Begin PBXBuildFile section */
		9005C55C1794346B001338BA /* BPDatePicker.m in Sources */ = {isa = PBXBuildFile; fileRef = 9005C55B1794346B001338BA /* BPDatePicker.m */; };
		9005C55F17944415001338BA /* BPPeriodPicker.m in Sources */ = {isa = PBXBuildFile; fileRef = 9005C55E17944415001338BA /* BPPeriodPicker.m */; };
		9005C56217944882001338BA /* BPUnitPicker.m in Sources */ = {isa = PBXBuildFile; fileRef = 9005C56117944882001338BA /* BPUnitPicker.m */; };
		9029876417880C3A00067D7A /* BPLanguagePicker.m in Sources */ = {isa = PBXBuildFile; fileRef = 9029876317880C3A00067D7A /* BPLanguagePicker.m */; };
		9029876817881C0900067D7A /* BPSettingsThemeViewController.m in Sources */ = {isa = PBXBuildFile; fileRef = 9029876717881C0900067D7A /* BPSettingsThemeViewController.m */; };
		9029876C17881D6600067D7A /* BPThemeCell.m in Sources */ = {isa = PBXBuildFile; fileRef = 9029876B17881D6600067D7A /* BPThemeCell.m */; };
		903452EB17945BBE001B397B /* Sounds.bundle in Resources */ = {isa = PBXBuildFile; fileRef = 903452EA17945BBE001B397B /* Sounds.bundle */; };
		905D99E31787E8B400C367E3 /* BPPickerView.m in Sources */ = {isa = PBXBuildFile; fileRef = 905D99E21787E8B400C367E3 /* BPPickerView.m */; };
		905D99E71787E95500C367E3 /* BPValuePicker.m in Sources */ = {isa = PBXBuildFile; fileRef = 905D99E61787E95500C367E3 /* BPValuePicker.m */; };
		905D99F11787ECBB00C367E3 /* BPAbstractPicker.m in Sources */ = {isa = PBXBuildFile; fileRef = 905D99F01787ECBB00C367E3 /* BPAbstractPicker.m */; };
		905D99F41787EDD300C367E3 /* BPTimePicker.m in Sources */ = {isa = PBXBuildFile; fileRef = 905D99F31787EDD300C367E3 /* BPTimePicker.m */; };
		905D99F71788033300C367E3 /* BPSoundPicker.m in Sources */ = {isa = PBXBuildFile; fileRef = 905D99F61788033300C367E3 /* BPSoundPicker.m */; };
		907BA94A17799CEE005944D6 /* BPSettingsAlarmViewController.m in Sources */ = {isa = PBXBuildFile; fileRef = 907BA94917799CEE005944D6 /* BPSettingsAlarmViewController.m */; };
		907BA94E17799D1E005944D6 /* BPSettingsLanguageViewController.m in Sources */ = {isa = PBXBuildFile; fileRef = 907BA94D17799D1E005944D6 /* BPSettingsLanguageViewController.m */; };
		907BA9521779A3A4005944D6 /* DSTPickerView.m in Sources */ = {isa = PBXBuildFile; fileRef = 907BA9511779A3A4005944D6 /* DSTPickerView.m */; };
		907BA9541779A69E005944D6 /* AudioToolbox.framework in Frameworks */ = {isa = PBXBuildFile; fileRef = 907BA9531779A69E005944D6 /* AudioToolbox.framework */; };
		907BA9581779AC97005944D6 /* NSDate-Utilities.m in Sources */ = {isa = PBXBuildFile; fileRef = 907BA9571779AC97005944D6 /* NSDate-Utilities.m */; };
		90BA0668178D4A460045AB24 /* BPSettingsProfileViewController.m in Sources */ = {isa = PBXBuildFile; fileRef = 90BA0667178D4A460045AB24 /* BPSettingsProfileViewController.m */; };
		90BA066C178D4AED0045AB24 /* BPTextField.m in Sources */ = {isa = PBXBuildFile; fileRef = 90BA066B178D4AED0045AB24 /* BPTextField.m */; };
		90BA0670178D4C6B0045AB24 /* BPLabel.m in Sources */ = {isa = PBXBuildFile; fileRef = 90BA066F178D4C6B0045AB24 /* BPLabel.m */; };
		90BA0674178D4E890045AB24 /* BPSelectButton.m in Sources */ = {isa = PBXBuildFile; fileRef = 90BA0673178D4E890045AB24 /* BPSelectButton.m */; };
		90E881B2177872C300682BB3 /* BPImages.bundle in Resources */ = {isa = PBXBuildFile; fileRef = 90E881B1177872C300682BB3 /* BPImages.bundle */; };
		90E881B61778731F00682BB3 /* BPTabBarController.m in Sources */ = {isa = PBXBuildFile; fileRef = 90E881B51778731F00682BB3 /* BPTabBarController.m */; };
		90E881BB1778739B00682BB3 /* BPUtils.m in Sources */ = {isa = PBXBuildFile; fileRef = 90E881BA1778739B00682BB3 /* BPUtils.m */; };
		90E881C217788D9700682BB3 /* BPViewController.m in Sources */ = {isa = PBXBuildFile; fileRef = 90E881C117788D9700682BB3 /* BPViewController.m */; };
		90E881C617788E1800682BB3 /* BPNavigationController.m in Sources */ = {isa = PBXBuildFile; fileRef = 90E881C517788E1800682BB3 /* BPNavigationController.m */; };
		90E881CE1778B21100682BB3 /* BPSymptomsAndMoodCollectionViewCell.m in Sources */ = {isa = PBXBuildFile; fileRef = 90E881CD1778B21100682BB3 /* BPSymptomsAndMoodCollectionViewCell.m */; };
		90E881D21778BA2600682BB3 /* TTSwitch.m in Sources */ = {isa = PBXBuildFile; fileRef = 90E881D11778BA2600682BB3 /* TTSwitch.m */; };
		90E881D61778BB1700682BB3 /* BPSwitchCell.m in Sources */ = {isa = PBXBuildFile; fileRef = 90E881D51778BB1700682BB3 /* BPSwitchCell.m */; };
		90E881DB1778C1C400682BB3 /* BPSettingsCell.m in Sources */ = {isa = PBXBuildFile; fileRef = 90E881DA1778C1C400682BB3 /* BPSettingsCell.m */; };
		90E9B53A1746D5930000760B /* QuartzCore.framework in Frameworks */ = {isa = PBXBuildFile; fileRef = 90E9B5391746D5930000760B /* QuartzCore.framework */; };
		90EB9DFE17078C45008457A3 /* UIKit.framework in Frameworks */ = {isa = PBXBuildFile; fileRef = 90EB9DFD17078C45008457A3 /* UIKit.framework */; };
		90EB9E0017078C45008457A3 /* Foundation.framework in Frameworks */ = {isa = PBXBuildFile; fileRef = 90EB9DFF17078C45008457A3 /* Foundation.framework */; };
		90EB9E0217078C45008457A3 /* CoreGraphics.framework in Frameworks */ = {isa = PBXBuildFile; fileRef = 90EB9E0117078C45008457A3 /* CoreGraphics.framework */; };
		90EB9E0A17078C45008457A3 /* main.m in Sources */ = {isa = PBXBuildFile; fileRef = 90EB9E0917078C45008457A3 /* main.m */; };
		90EB9E3017079021008457A3 /* InfoPlist.strings in Resources */ = {isa = PBXBuildFile; fileRef = 90EB9E2C17079021008457A3 /* InfoPlist.strings */; };
		90EB9E3117079021008457A3 /* MainStoryboard.storyboard in Resources */ = {isa = PBXBuildFile; fileRef = 90EB9E2E17079021008457A3 /* MainStoryboard.storyboard */; };
		90EB9E48170790D9008457A3 /* BPAppDelegate.m in Sources */ = {isa = PBXBuildFile; fileRef = 90EB9E47170790D9008457A3 /* BPAppDelegate.m */; };
		90EB9E5317079193008457A3 /* BPMyTemperatureViewController.m in Sources */ = {isa = PBXBuildFile; fileRef = 90EB9E5217079193008457A3 /* BPMyTemperatureViewController.m */; };
		90EB9E57170791C7008457A3 /* BPMyChartsViewController.m in Sources */ = {isa = PBXBuildFile; fileRef = 90EB9E56170791C7008457A3 /* BPMyChartsViewController.m */; };
		90EB9E64170793B4008457A3 /* BPMyPregnancyViewController.m in Sources */ = {isa = PBXBuildFile; fileRef = 90EB9E60170793B4008457A3 /* BPMyPregnancyViewController.m */; };
		90EB9E65170793B4008457A3 /* BPSettingsViewController.m in Sources */ = {isa = PBXBuildFile; fileRef = 90EB9E63170793B4008457A3 /* BPSettingsViewController.m */; };
		90EB9E691707961C008457A3 /* nav_background.png in Resources */ = {isa = PBXBuildFile; fileRef = 90EB9E671707961C008457A3 /* nav_background.png */; };
		90EB9E6A1707961C008457A3 /* nav_background@2x.png in Resources */ = {isa = PBXBuildFile; fileRef = 90EB9E681707961C008457A3 /* nav_background@2x.png */; };
		90EB9E741707987B008457A3 /* BPSymptomsAndMoodViewController.m in Sources */ = {isa = PBXBuildFile; fileRef = 90EB9E731707987B008457A3 /* BPSymptomsAndMoodViewController.m */; };
		90EB9E781707989D008457A3 /* BPNotesViewController.m in Sources */ = {isa = PBXBuildFile; fileRef = 90EB9E771707989D008457A3 /* BPNotesViewController.m */; };
		90EB9E7B170798C0008457A3 /* Gabriola.ttf in Resources */ = {isa = PBXBuildFile; fileRef = 90EB9E7A170798C0008457A3 /* Gabriola.ttf */; };
		90EB9E821707997E008457A3 /* BPBaseViewController.m in Sources */ = {isa = PBXBuildFile; fileRef = 90EB9E811707997E008457A3 /* BPBaseViewController.m */; };
		90EB9E8717079AFD008457A3 /* Default-568h@2x.png in Resources */ = {isa = PBXBuildFile; fileRef = 90EB9E8417079AFD008457A3 /* Default-568h@2x.png */; };
		90EB9E8817079AFD008457A3 /* Default.png in Resources */ = {isa = PBXBuildFile; fileRef = 90EB9E8517079AFD008457A3 /* Default.png */; };
		90EB9E8917079AFD008457A3 /* Default@2x.png in Resources */ = {isa = PBXBuildFile; fileRef = 90EB9E8617079AFD008457A3 /* Default@2x.png */; };
		90EB9E8D17079E15008457A3 /* notes_header.png in Resources */ = {isa = PBXBuildFile; fileRef = 90EB9E8B17079E15008457A3 /* notes_header.png */; };
		90EB9E8E17079E15008457A3 /* notes_header@2x.png in Resources */ = {isa = PBXBuildFile; fileRef = 90EB9E8C17079E15008457A3 /* notes_header@2x.png */; };
		90EB9E981707A66A008457A3 /* EKKeyboardAvoidingScrollViewManager.m in Sources */ = {isa = PBXBuildFile; fileRef = 90EB9E971707A66A008457A3 /* EKKeyboardAvoidingScrollViewManager.m */; };
		90EB9EC51707B126008457A3 /* symptom_1.png in Resources */ = {isa = PBXBuildFile; fileRef = 90EB9EA51707B126008457A3 /* symptom_1.png */; };
		90EB9EC61707B126008457A3 /* symptom_10.png in Resources */ = {isa = PBXBuildFile; fileRef = 90EB9EA61707B126008457A3 /* symptom_10.png */; };
		90EB9EC71707B126008457A3 /* symptom_10@2x.png in Resources */ = {isa = PBXBuildFile; fileRef = 90EB9EA71707B126008457A3 /* symptom_10@2x.png */; };
		90EB9EC81707B126008457A3 /* symptom_11.png in Resources */ = {isa = PBXBuildFile; fileRef = 90EB9EA81707B126008457A3 /* symptom_11.png */; };
		90EB9EC91707B126008457A3 /* symptom_11@2x.png in Resources */ = {isa = PBXBuildFile; fileRef = 90EB9EA91707B126008457A3 /* symptom_11@2x.png */; };
		90EB9ECA1707B126008457A3 /* symptom_12.png in Resources */ = {isa = PBXBuildFile; fileRef = 90EB9EAA1707B126008457A3 /* symptom_12.png */; };
		90EB9ECB1707B126008457A3 /* symptom_12@2x.png in Resources */ = {isa = PBXBuildFile; fileRef = 90EB9EAB1707B126008457A3 /* symptom_12@2x.png */; };
		90EB9ECC1707B126008457A3 /* symptom_13.png in Resources */ = {isa = PBXBuildFile; fileRef = 90EB9EAC1707B126008457A3 /* symptom_13.png */; };
		90EB9ECD1707B126008457A3 /* symptom_13@2x.png in Resources */ = {isa = PBXBuildFile; fileRef = 90EB9EAD1707B126008457A3 /* symptom_13@2x.png */; };
		90EB9ECE1707B126008457A3 /* symptom_14.png in Resources */ = {isa = PBXBuildFile; fileRef = 90EB9EAE1707B126008457A3 /* symptom_14.png */; };
		90EB9ECF1707B126008457A3 /* symptom_14@2x.png in Resources */ = {isa = PBXBuildFile; fileRef = 90EB9EAF1707B126008457A3 /* symptom_14@2x.png */; };
		90EB9ED01707B126008457A3 /* symptom_15.png in Resources */ = {isa = PBXBuildFile; fileRef = 90EB9EB01707B126008457A3 /* symptom_15.png */; };
		90EB9ED11707B126008457A3 /* symptom_15@2x.png in Resources */ = {isa = PBXBuildFile; fileRef = 90EB9EB11707B126008457A3 /* symptom_15@2x.png */; };
		90EB9ED21707B126008457A3 /* symptom_1@2x.png in Resources */ = {isa = PBXBuildFile; fileRef = 90EB9EB21707B126008457A3 /* symptom_1@2x.png */; };
		90EB9ED31707B126008457A3 /* symptom_2.png in Resources */ = {isa = PBXBuildFile; fileRef = 90EB9EB31707B126008457A3 /* symptom_2.png */; };
		90EB9ED41707B126008457A3 /* symptom_2@2x.png in Resources */ = {isa = PBXBuildFile; fileRef = 90EB9EB41707B126008457A3 /* symptom_2@2x.png */; };
		90EB9ED51707B126008457A3 /* symptom_3.png in Resources */ = {isa = PBXBuildFile; fileRef = 90EB9EB51707B126008457A3 /* symptom_3.png */; };
		90EB9ED61707B126008457A3 /* symptom_3@2x.png in Resources */ = {isa = PBXBuildFile; fileRef = 90EB9EB61707B126008457A3 /* symptom_3@2x.png */; };
		90EB9ED71707B126008457A3 /* symptom_4.png in Resources */ = {isa = PBXBuildFile; fileRef = 90EB9EB71707B126008457A3 /* symptom_4.png */; };
		90EB9ED81707B126008457A3 /* symptom_4@2x.png in Resources */ = {isa = PBXBuildFile; fileRef = 90EB9EB81707B126008457A3 /* symptom_4@2x.png */; };
		90EB9ED91707B126008457A3 /* symptom_5.png in Resources */ = {isa = PBXBuildFile; fileRef = 90EB9EB91707B126008457A3 /* symptom_5.png */; };
		90EB9EDA1707B126008457A3 /* symptom_5@2x.png in Resources */ = {isa = PBXBuildFile; fileRef = 90EB9EBA1707B126008457A3 /* symptom_5@2x.png */; };
		90EB9EDB1707B126008457A3 /* symptom_6.png in Resources */ = {isa = PBXBuildFile; fileRef = 90EB9EBB1707B126008457A3 /* symptom_6.png */; };
		90EB9EDC1707B126008457A3 /* symptom_6@2x.png in Resources */ = {isa = PBXBuildFile; fileRef = 90EB9EBC1707B126008457A3 /* symptom_6@2x.png */; };
		90EB9EDD1707B126008457A3 /* symptom_7.png in Resources */ = {isa = PBXBuildFile; fileRef = 90EB9EBD1707B126008457A3 /* symptom_7.png */; };
		90EB9EDE1707B126008457A3 /* symptom_7@2x.png in Resources */ = {isa = PBXBuildFile; fileRef = 90EB9EBE1707B126008457A3 /* symptom_7@2x.png */; };
		90EB9EDF1707B126008457A3 /* symptom_8.png in Resources */ = {isa = PBXBuildFile; fileRef = 90EB9EBF1707B126008457A3 /* symptom_8.png */; };
		90EB9EE01707B126008457A3 /* symptom_8@2x.png in Resources */ = {isa = PBXBuildFile; fileRef = 90EB9EC01707B126008457A3 /* symptom_8@2x.png */; };
		90EB9EE11707B126008457A3 /* symptom_9.png in Resources */ = {isa = PBXBuildFile; fileRef = 90EB9EC11707B126008457A3 /* symptom_9.png */; };
		90EB9EE21707B126008457A3 /* symptom_9@2x.png in Resources */ = {isa = PBXBuildFile; fileRef = 90EB9EC21707B126008457A3 /* symptom_9@2x.png */; };
		90EB9EE31707B126008457A3 /* symptoms_selected.png in Resources */ = {isa = PBXBuildFile; fileRef = 90EB9EC31707B126008457A3 /* symptoms_selected.png */; };
		90EB9EE41707B126008457A3 /* symptoms_selected@2x.png in Resources */ = {isa = PBXBuildFile; fileRef = 90EB9EC41707B126008457A3 /* symptoms_selected@2x.png */; };
		90EB9EE71707BA52008457A3 /* nav_back_button.png in Resources */ = {isa = PBXBuildFile; fileRef = 90EB9EE51707BA52008457A3 /* nav_back_button.png */; };
		90EB9EE81707BA52008457A3 /* nav_back_button@2x.png in Resources */ = {isa = PBXBuildFile; fileRef = 90EB9EE61707BA52008457A3 /* nav_back_button@2x.png */; };
/* End PBXBuildFile section */

/* Begin PBXFileReference section */
		9005C55A1794346B001338BA /* BPDatePicker.h */ = {isa = PBXFileReference; fileEncoding = 4; lastKnownFileType = sourcecode.c.h; path = BPDatePicker.h; sourceTree = "<group>"; };
		9005C55B1794346B001338BA /* BPDatePicker.m */ = {isa = PBXFileReference; fileEncoding = 4; lastKnownFileType = sourcecode.c.objc; path = BPDatePicker.m; sourceTree = "<group>"; };
		9005C55D17944415001338BA /* BPPeriodPicker.h */ = {isa = PBXFileReference; fileEncoding = 4; lastKnownFileType = sourcecode.c.h; path = BPPeriodPicker.h; sourceTree = "<group>"; };
		9005C55E17944415001338BA /* BPPeriodPicker.m */ = {isa = PBXFileReference; fileEncoding = 4; lastKnownFileType = sourcecode.c.objc; path = BPPeriodPicker.m; sourceTree = "<group>"; };
		9005C56017944882001338BA /* BPUnitPicker.h */ = {isa = PBXFileReference; fileEncoding = 4; lastKnownFileType = sourcecode.c.h; path = BPUnitPicker.h; sourceTree = "<group>"; };
		9005C56117944882001338BA /* BPUnitPicker.m */ = {isa = PBXFileReference; fileEncoding = 4; lastKnownFileType = sourcecode.c.objc; path = BPUnitPicker.m; sourceTree = "<group>"; };
		9029876217880C3A00067D7A /* BPLanguagePicker.h */ = {isa = PBXFileReference; fileEncoding = 4; lastKnownFileType = sourcecode.c.h; path = BPLanguagePicker.h; sourceTree = "<group>"; };
		9029876317880C3A00067D7A /* BPLanguagePicker.m */ = {isa = PBXFileReference; fileEncoding = 4; lastKnownFileType = sourcecode.c.objc; path = BPLanguagePicker.m; sourceTree = "<group>"; };
		9029876617881C0900067D7A /* BPSettingsThemeViewController.h */ = {isa = PBXFileReference; fileEncoding = 4; lastKnownFileType = sourcecode.c.h; path = BPSettingsThemeViewController.h; sourceTree = "<group>"; };
		9029876717881C0900067D7A /* BPSettingsThemeViewController.m */ = {isa = PBXFileReference; fileEncoding = 4; lastKnownFileType = sourcecode.c.objc; path = BPSettingsThemeViewController.m; sourceTree = "<group>"; };
		9029876A17881D6600067D7A /* BPThemeCell.h */ = {isa = PBXFileReference; fileEncoding = 4; lastKnownFileType = sourcecode.c.h; path = BPThemeCell.h; sourceTree = "<group>"; };
		9029876B17881D6600067D7A /* BPThemeCell.m */ = {isa = PBXFileReference; fileEncoding = 4; lastKnownFileType = sourcecode.c.objc; path = BPThemeCell.m; sourceTree = "<group>"; };
		903452EA17945BBE001B397B /* Sounds.bundle */ = {isa = PBXFileReference; lastKnownFileType = "wrapper.plug-in"; path = Sounds.bundle; sourceTree = "<group>"; };
		905D99E11787E8B400C367E3 /* BPPickerView.h */ = {isa = PBXFileReference; fileEncoding = 4; lastKnownFileType = sourcecode.c.h; path = BPPickerView.h; sourceTree = "<group>"; };
		905D99E21787E8B400C367E3 /* BPPickerView.m */ = {isa = PBXFileReference; fileEncoding = 4; lastKnownFileType = sourcecode.c.objc; path = BPPickerView.m; sourceTree = "<group>"; };
		905D99E51787E95500C367E3 /* BPValuePicker.h */ = {isa = PBXFileReference; fileEncoding = 4; lastKnownFileType = sourcecode.c.h; path = BPValuePicker.h; sourceTree = "<group>"; };
		905D99E61787E95500C367E3 /* BPValuePicker.m */ = {isa = PBXFileReference; fileEncoding = 4; lastKnownFileType = sourcecode.c.objc; path = BPValuePicker.m; sourceTree = "<group>"; };
		905D99EB1787EB1000C367E3 /* BPValuePickerDelegate.h */ = {isa = PBXFileReference; lastKnownFileType = sourcecode.c.h; path = BPValuePickerDelegate.h; sourceTree = "<group>"; };
		905D99EF1787ECBB00C367E3 /* BPAbstractPicker.h */ = {isa = PBXFileReference; fileEncoding = 4; lastKnownFileType = sourcecode.c.h; path = BPAbstractPicker.h; sourceTree = "<group>"; };
		905D99F01787ECBB00C367E3 /* BPAbstractPicker.m */ = {isa = PBXFileReference; fileEncoding = 4; lastKnownFileType = sourcecode.c.objc; path = BPAbstractPicker.m; sourceTree = "<group>"; };
		905D99F21787EDD300C367E3 /* BPTimePicker.h */ = {isa = PBXFileReference; fileEncoding = 4; lastKnownFileType = sourcecode.c.h; path = BPTimePicker.h; sourceTree = "<group>"; };
		905D99F31787EDD300C367E3 /* BPTimePicker.m */ = {isa = PBXFileReference; fileEncoding = 4; lastKnownFileType = sourcecode.c.objc; path = BPTimePicker.m; sourceTree = "<group>"; };
		905D99F51788033300C367E3 /* BPSoundPicker.h */ = {isa = PBXFileReference; fileEncoding = 4; lastKnownFileType = sourcecode.c.h; path = BPSoundPicker.h; sourceTree = "<group>"; };
		905D99F61788033300C367E3 /* BPSoundPicker.m */ = {isa = PBXFileReference; fileEncoding = 4; lastKnownFileType = sourcecode.c.objc; path = BPSoundPicker.m; sourceTree = "<group>"; };
		907BA94817799CEE005944D6 /* BPSettingsAlarmViewController.h */ = {isa = PBXFileReference; fileEncoding = 4; lastKnownFileType = sourcecode.c.h; path = BPSettingsAlarmViewController.h; sourceTree = "<group>"; };
		907BA94917799CEE005944D6 /* BPSettingsAlarmViewController.m */ = {isa = PBXFileReference; fileEncoding = 4; lastKnownFileType = sourcecode.c.objc; path = BPSettingsAlarmViewController.m; sourceTree = "<group>"; };
		907BA94C17799D1E005944D6 /* BPSettingsLanguageViewController.h */ = {isa = PBXFileReference; fileEncoding = 4; lastKnownFileType = sourcecode.c.h; path = BPSettingsLanguageViewController.h; sourceTree = "<group>"; };
		907BA94D17799D1E005944D6 /* BPSettingsLanguageViewController.m */ = {isa = PBXFileReference; fileEncoding = 4; lastKnownFileType = sourcecode.c.objc; path = BPSettingsLanguageViewController.m; sourceTree = "<group>"; };
		907BA9501779A3A4005944D6 /* DSTPickerView.h */ = {isa = PBXFileReference; fileEncoding = 4; lastKnownFileType = sourcecode.c.h; path = DSTPickerView.h; sourceTree = "<group>"; };
		907BA9511779A3A4005944D6 /* DSTPickerView.m */ = {isa = PBXFileReference; fileEncoding = 4; lastKnownFileType = sourcecode.c.objc; path = DSTPickerView.m; sourceTree = "<group>"; };
		907BA9531779A69E005944D6 /* AudioToolbox.framework */ = {isa = PBXFileReference; lastKnownFileType = wrapper.framework; name = AudioToolbox.framework; path = System/Library/Frameworks/AudioToolbox.framework; sourceTree = SDKROOT; };
		907BA9561779AC97005944D6 /* NSDate-Utilities.h */ = {isa = PBXFileReference; fileEncoding = 4; lastKnownFileType = sourcecode.c.h; path = "NSDate-Utilities.h"; sourceTree = "<group>"; };
		907BA9571779AC97005944D6 /* NSDate-Utilities.m */ = {isa = PBXFileReference; fileEncoding = 4; lastKnownFileType = sourcecode.c.objc; path = "NSDate-Utilities.m"; sourceTree = "<group>"; };
		90BA0666178D4A460045AB24 /* BPSettingsProfileViewController.h */ = {isa = PBXFileReference; fileEncoding = 4; lastKnownFileType = sourcecode.c.h; path = BPSettingsProfileViewController.h; sourceTree = "<group>"; };
		90BA0667178D4A460045AB24 /* BPSettingsProfileViewController.m */ = {isa = PBXFileReference; fileEncoding = 4; lastKnownFileType = sourcecode.c.objc; path = BPSettingsProfileViewController.m; sourceTree = "<group>"; };
		90BA066A178D4AED0045AB24 /* BPTextField.h */ = {isa = PBXFileReference; fileEncoding = 4; lastKnownFileType = sourcecode.c.h; path = BPTextField.h; sourceTree = "<group>"; };
		90BA066B178D4AED0045AB24 /* BPTextField.m */ = {isa = PBXFileReference; fileEncoding = 4; lastKnownFileType = sourcecode.c.objc; path = BPTextField.m; sourceTree = "<group>"; };
		90BA066E178D4C6B0045AB24 /* BPLabel.h */ = {isa = PBXFileReference; fileEncoding = 4; lastKnownFileType = sourcecode.c.h; path = BPLabel.h; sourceTree = "<group>"; };
		90BA066F178D4C6B0045AB24 /* BPLabel.m */ = {isa = PBXFileReference; fileEncoding = 4; lastKnownFileType = sourcecode.c.objc; path = BPLabel.m; sourceTree = "<group>"; };
		90BA0672178D4E890045AB24 /* BPSelectButton.h */ = {isa = PBXFileReference; fileEncoding = 4; lastKnownFileType = sourcecode.c.h; path = BPSelectButton.h; sourceTree = "<group>"; };
		90BA0673178D4E890045AB24 /* BPSelectButton.m */ = {isa = PBXFileReference; fileEncoding = 4; lastKnownFileType = sourcecode.c.objc; path = BPSelectButton.m; sourceTree = "<group>"; };
		90E881B1177872C300682BB3 /* BPImages.bundle */ = {isa = PBXFileReference; lastKnownFileType = "wrapper.plug-in"; path = BPImages.bundle; sourceTree = "<group>"; };
		90E881B41778731F00682BB3 /* BPTabBarController.h */ = {isa = PBXFileReference; fileEncoding = 4; lastKnownFileType = sourcecode.c.h; path = BPTabBarController.h; sourceTree = "<group>"; };
		90E881B51778731F00682BB3 /* BPTabBarController.m */ = {isa = PBXFileReference; fileEncoding = 4; lastKnownFileType = sourcecode.c.objc; path = BPTabBarController.m; sourceTree = "<group>"; };
		90E881B91778739B00682BB3 /* BPUtils.h */ = {isa = PBXFileReference; fileEncoding = 4; lastKnownFileType = sourcecode.c.h; path = BPUtils.h; sourceTree = "<group>"; };
		90E881BA1778739B00682BB3 /* BPUtils.m */ = {isa = PBXFileReference; fileEncoding = 4; lastKnownFileType = sourcecode.c.objc; path = BPUtils.m; sourceTree = "<group>"; };
		90E881C017788D9700682BB3 /* BPViewController.h */ = {isa = PBXFileReference; fileEncoding = 4; lastKnownFileType = sourcecode.c.h; path = BPViewController.h; sourceTree = "<group>"; };
		90E881C117788D9700682BB3 /* BPViewController.m */ = {isa = PBXFileReference; fileEncoding = 4; lastKnownFileType = sourcecode.c.objc; path = BPViewController.m; sourceTree = "<group>"; };
		90E881C417788E1800682BB3 /* BPNavigationController.h */ = {isa = PBXFileReference; fileEncoding = 4; lastKnownFileType = sourcecode.c.h; path = BPNavigationController.h; sourceTree = "<group>"; };
		90E881C517788E1800682BB3 /* BPNavigationController.m */ = {isa = PBXFileReference; fileEncoding = 4; lastKnownFileType = sourcecode.c.objc; path = BPNavigationController.m; sourceTree = "<group>"; };
		90E881CC1778B21100682BB3 /* BPSymptomsAndMoodCollectionViewCell.h */ = {isa = PBXFileReference; fileEncoding = 4; lastKnownFileType = sourcecode.c.h; path = BPSymptomsAndMoodCollectionViewCell.h; sourceTree = "<group>"; };
		90E881CD1778B21100682BB3 /* BPSymptomsAndMoodCollectionViewCell.m */ = {isa = PBXFileReference; fileEncoding = 4; lastKnownFileType = sourcecode.c.objc; path = BPSymptomsAndMoodCollectionViewCell.m; sourceTree = "<group>"; };
		90E881D01778BA2600682BB3 /* TTSwitch.h */ = {isa = PBXFileReference; fileEncoding = 4; lastKnownFileType = sourcecode.c.h; path = TTSwitch.h; sourceTree = "<group>"; };
		90E881D11778BA2600682BB3 /* TTSwitch.m */ = {isa = PBXFileReference; fileEncoding = 4; lastKnownFileType = sourcecode.c.objc; path = TTSwitch.m; sourceTree = "<group>"; };
		90E881D41778BB1700682BB3 /* BPSwitchCell.h */ = {isa = PBXFileReference; fileEncoding = 4; lastKnownFileType = sourcecode.c.h; path = BPSwitchCell.h; sourceTree = "<group>"; };
		90E881D51778BB1700682BB3 /* BPSwitchCell.m */ = {isa = PBXFileReference; fileEncoding = 4; lastKnownFileType = sourcecode.c.objc; path = BPSwitchCell.m; sourceTree = "<group>"; };
		90E881D71778BF0500682BB3 /* TTSwitchSubclass.h */ = {isa = PBXFileReference; fileEncoding = 4; lastKnownFileType = sourcecode.c.h; path = TTSwitchSubclass.h; sourceTree = "<group>"; };
		90E881D91778C1C400682BB3 /* BPSettingsCell.h */ = {isa = PBXFileReference; fileEncoding = 4; lastKnownFileType = sourcecode.c.h; path = BPSettingsCell.h; sourceTree = "<group>"; };
		90E881DA1778C1C400682BB3 /* BPSettingsCell.m */ = {isa = PBXFileReference; fileEncoding = 4; lastKnownFileType = sourcecode.c.objc; path = BPSettingsCell.m; sourceTree = "<group>"; };
		90E9B5391746D5930000760B /* QuartzCore.framework */ = {isa = PBXFileReference; lastKnownFileType = wrapper.framework; name = QuartzCore.framework; path = System/Library/Frameworks/QuartzCore.framework; sourceTree = SDKROOT; };
		90EB9DFA17078C45008457A3 /* BabyPlanner.app */ = {isa = PBXFileReference; explicitFileType = wrapper.application; includeInIndex = 0; path = BabyPlanner.app; sourceTree = BUILT_PRODUCTS_DIR; };
		90EB9DFD17078C45008457A3 /* UIKit.framework */ = {isa = PBXFileReference; lastKnownFileType = wrapper.framework; name = UIKit.framework; path = System/Library/Frameworks/UIKit.framework; sourceTree = SDKROOT; };
		90EB9DFF17078C45008457A3 /* Foundation.framework */ = {isa = PBXFileReference; lastKnownFileType = wrapper.framework; name = Foundation.framework; path = System/Library/Frameworks/Foundation.framework; sourceTree = SDKROOT; };
		90EB9E0117078C45008457A3 /* CoreGraphics.framework */ = {isa = PBXFileReference; lastKnownFileType = wrapper.framework; name = CoreGraphics.framework; path = System/Library/Frameworks/CoreGraphics.framework; sourceTree = SDKROOT; };
		90EB9E0517078C45008457A3 /* BabyPlanner-Info.plist */ = {isa = PBXFileReference; lastKnownFileType = text.plist.xml; path = "BabyPlanner-Info.plist"; sourceTree = "<group>"; };
		90EB9E0917078C45008457A3 /* main.m */ = {isa = PBXFileReference; lastKnownFileType = sourcecode.c.objc; path = main.m; sourceTree = "<group>"; };
		90EB9E0B17078C45008457A3 /* BabyPlanner-Prefix.pch */ = {isa = PBXFileReference; lastKnownFileType = sourcecode.c.h; path = "BabyPlanner-Prefix.pch"; sourceTree = "<group>"; };
		90EB9E2D17079021008457A3 /* en */ = {isa = PBXFileReference; lastKnownFileType = text.plist.strings; name = en; path = en.lproj/InfoPlist.strings; sourceTree = "<group>"; };
		90EB9E2F17079021008457A3 /* en */ = {isa = PBXFileReference; lastKnownFileType = file.storyboard; name = en; path = en.lproj/MainStoryboard.storyboard; sourceTree = "<group>"; };
		90EB9E46170790D9008457A3 /* BPAppDelegate.h */ = {isa = PBXFileReference; fileEncoding = 4; lastKnownFileType = sourcecode.c.h; path = BPAppDelegate.h; sourceTree = "<group>"; };
		90EB9E47170790D9008457A3 /* BPAppDelegate.m */ = {isa = PBXFileReference; fileEncoding = 4; lastKnownFileType = sourcecode.c.objc; path = BPAppDelegate.m; sourceTree = "<group>"; };
		90EB9E5117079193008457A3 /* BPMyTemperatureViewController.h */ = {isa = PBXFileReference; fileEncoding = 4; lastKnownFileType = sourcecode.c.h; path = BPMyTemperatureViewController.h; sourceTree = "<group>"; };
		90EB9E5217079193008457A3 /* BPMyTemperatureViewController.m */ = {isa = PBXFileReference; fileEncoding = 4; lastKnownFileType = sourcecode.c.objc; path = BPMyTemperatureViewController.m; sourceTree = "<group>"; };
		90EB9E55170791C7008457A3 /* BPMyChartsViewController.h */ = {isa = PBXFileReference; fileEncoding = 4; lastKnownFileType = sourcecode.c.h; path = BPMyChartsViewController.h; sourceTree = "<group>"; };
		90EB9E56170791C7008457A3 /* BPMyChartsViewController.m */ = {isa = PBXFileReference; fileEncoding = 4; lastKnownFileType = sourcecode.c.objc; path = BPMyChartsViewController.m; sourceTree = "<group>"; };
		90EB9E5F170793B4008457A3 /* BPMyPregnancyViewController.h */ = {isa = PBXFileReference; fileEncoding = 4; lastKnownFileType = sourcecode.c.h; path = BPMyPregnancyViewController.h; sourceTree = "<group>"; };
		90EB9E60170793B4008457A3 /* BPMyPregnancyViewController.m */ = {isa = PBXFileReference; fileEncoding = 4; lastKnownFileType = sourcecode.c.objc; path = BPMyPregnancyViewController.m; sourceTree = "<group>"; };
		90EB9E62170793B4008457A3 /* BPSettingsViewController.h */ = {isa = PBXFileReference; fileEncoding = 4; lastKnownFileType = sourcecode.c.h; path = BPSettingsViewController.h; sourceTree = "<group>"; };
		90EB9E63170793B4008457A3 /* BPSettingsViewController.m */ = {isa = PBXFileReference; fileEncoding = 4; lastKnownFileType = sourcecode.c.objc; path = BPSettingsViewController.m; sourceTree = "<group>"; };
		90EB9E671707961C008457A3 /* nav_background.png */ = {isa = PBXFileReference; lastKnownFileType = image.png; path = nav_background.png; sourceTree = "<group>"; };
		90EB9E681707961C008457A3 /* nav_background@2x.png */ = {isa = PBXFileReference; lastKnownFileType = image.png; path = "nav_background@2x.png"; sourceTree = "<group>"; };
		90EB9E721707987B008457A3 /* BPSymptomsAndMoodViewController.h */ = {isa = PBXFileReference; fileEncoding = 4; lastKnownFileType = sourcecode.c.h; path = BPSymptomsAndMoodViewController.h; sourceTree = "<group>"; };
		90EB9E731707987B008457A3 /* BPSymptomsAndMoodViewController.m */ = {isa = PBXFileReference; fileEncoding = 4; lastKnownFileType = sourcecode.c.objc; path = BPSymptomsAndMoodViewController.m; sourceTree = "<group>"; };
		90EB9E761707989D008457A3 /* BPNotesViewController.h */ = {isa = PBXFileReference; fileEncoding = 4; lastKnownFileType = sourcecode.c.h; path = BPNotesViewController.h; sourceTree = "<group>"; };
		90EB9E771707989D008457A3 /* BPNotesViewController.m */ = {isa = PBXFileReference; fileEncoding = 4; lastKnownFileType = sourcecode.c.objc; path = BPNotesViewController.m; sourceTree = "<group>"; };
		90EB9E7A170798C0008457A3 /* Gabriola.ttf */ = {isa = PBXFileReference; lastKnownFileType = file; path = Gabriola.ttf; sourceTree = "<group>"; };
		90EB9E801707997E008457A3 /* BPBaseViewController.h */ = {isa = PBXFileReference; fileEncoding = 4; lastKnownFileType = sourcecode.c.h; path = BPBaseViewController.h; sourceTree = "<group>"; };
		90EB9E811707997E008457A3 /* BPBaseViewController.m */ = {isa = PBXFileReference; fileEncoding = 4; lastKnownFileType = sourcecode.c.objc; path = BPBaseViewController.m; sourceTree = "<group>"; };
		90EB9E8417079AFD008457A3 /* Default-568h@2x.png */ = {isa = PBXFileReference; lastKnownFileType = image.png; path = "Default-568h@2x.png"; sourceTree = "<group>"; };
		90EB9E8517079AFD008457A3 /* Default.png */ = {isa = PBXFileReference; lastKnownFileType = image.png; path = Default.png; sourceTree = "<group>"; };
		90EB9E8617079AFD008457A3 /* Default@2x.png */ = {isa = PBXFileReference; lastKnownFileType = image.png; path = "Default@2x.png"; sourceTree = "<group>"; };
		90EB9E8B17079E15008457A3 /* notes_header.png */ = {isa = PBXFileReference; lastKnownFileType = image.png; path = notes_header.png; sourceTree = "<group>"; };
		90EB9E8C17079E15008457A3 /* notes_header@2x.png */ = {isa = PBXFileReference; lastKnownFileType = image.png; path = "notes_header@2x.png"; sourceTree = "<group>"; };
		90EB9E961707A66A008457A3 /* EKKeyboardAvoidingScrollViewManager.h */ = {isa = PBXFileReference; fileEncoding = 4; lastKnownFileType = sourcecode.c.h; path = EKKeyboardAvoidingScrollViewManager.h; sourceTree = "<group>"; };
		90EB9E971707A66A008457A3 /* EKKeyboardAvoidingScrollViewManager.m */ = {isa = PBXFileReference; fileEncoding = 4; lastKnownFileType = sourcecode.c.objc; path = EKKeyboardAvoidingScrollViewManager.m; sourceTree = "<group>"; };
		90EB9EA51707B126008457A3 /* symptom_1.png */ = {isa = PBXFileReference; lastKnownFileType = image.png; path = symptom_1.png; sourceTree = "<group>"; };
		90EB9EA61707B126008457A3 /* symptom_10.png */ = {isa = PBXFileReference; lastKnownFileType = image.png; path = symptom_10.png; sourceTree = "<group>"; };
		90EB9EA71707B126008457A3 /* symptom_10@2x.png */ = {isa = PBXFileReference; lastKnownFileType = image.png; path = "symptom_10@2x.png"; sourceTree = "<group>"; };
		90EB9EA81707B126008457A3 /* symptom_11.png */ = {isa = PBXFileReference; lastKnownFileType = image.png; path = symptom_11.png; sourceTree = "<group>"; };
		90EB9EA91707B126008457A3 /* symptom_11@2x.png */ = {isa = PBXFileReference; lastKnownFileType = image.png; path = "symptom_11@2x.png"; sourceTree = "<group>"; };
		90EB9EAA1707B126008457A3 /* symptom_12.png */ = {isa = PBXFileReference; lastKnownFileType = image.png; path = symptom_12.png; sourceTree = "<group>"; };
		90EB9EAB1707B126008457A3 /* symptom_12@2x.png */ = {isa = PBXFileReference; lastKnownFileType = image.png; path = "symptom_12@2x.png"; sourceTree = "<group>"; };
		90EB9EAC1707B126008457A3 /* symptom_13.png */ = {isa = PBXFileReference; lastKnownFileType = image.png; path = symptom_13.png; sourceTree = "<group>"; };
		90EB9EAD1707B126008457A3 /* symptom_13@2x.png */ = {isa = PBXFileReference; lastKnownFileType = image.png; path = "symptom_13@2x.png"; sourceTree = "<group>"; };
		90EB9EAE1707B126008457A3 /* symptom_14.png */ = {isa = PBXFileReference; lastKnownFileType = image.png; path = symptom_14.png; sourceTree = "<group>"; };
		90EB9EAF1707B126008457A3 /* symptom_14@2x.png */ = {isa = PBXFileReference; lastKnownFileType = image.png; path = "symptom_14@2x.png"; sourceTree = "<group>"; };
		90EB9EB01707B126008457A3 /* symptom_15.png */ = {isa = PBXFileReference; lastKnownFileType = image.png; path = symptom_15.png; sourceTree = "<group>"; };
		90EB9EB11707B126008457A3 /* symptom_15@2x.png */ = {isa = PBXFileReference; lastKnownFileType = image.png; path = "symptom_15@2x.png"; sourceTree = "<group>"; };
		90EB9EB21707B126008457A3 /* symptom_1@2x.png */ = {isa = PBXFileReference; lastKnownFileType = image.png; path = "symptom_1@2x.png"; sourceTree = "<group>"; };
		90EB9EB31707B126008457A3 /* symptom_2.png */ = {isa = PBXFileReference; lastKnownFileType = image.png; path = symptom_2.png; sourceTree = "<group>"; };
		90EB9EB41707B126008457A3 /* symptom_2@2x.png */ = {isa = PBXFileReference; lastKnownFileType = image.png; path = "symptom_2@2x.png"; sourceTree = "<group>"; };
		90EB9EB51707B126008457A3 /* symptom_3.png */ = {isa = PBXFileReference; lastKnownFileType = image.png; path = symptom_3.png; sourceTree = "<group>"; };
		90EB9EB61707B126008457A3 /* symptom_3@2x.png */ = {isa = PBXFileReference; lastKnownFileType = image.png; path = "symptom_3@2x.png"; sourceTree = "<group>"; };
		90EB9EB71707B126008457A3 /* symptom_4.png */ = {isa = PBXFileReference; lastKnownFileType = image.png; path = symptom_4.png; sourceTree = "<group>"; };
		90EB9EB81707B126008457A3 /* symptom_4@2x.png */ = {isa = PBXFileReference; lastKnownFileType = image.png; path = "symptom_4@2x.png"; sourceTree = "<group>"; };
		90EB9EB91707B126008457A3 /* symptom_5.png */ = {isa = PBXFileReference; lastKnownFileType = image.png; path = symptom_5.png; sourceTree = "<group>"; };
		90EB9EBA1707B126008457A3 /* symptom_5@2x.png */ = {isa = PBXFileReference; lastKnownFileType = image.png; path = "symptom_5@2x.png"; sourceTree = "<group>"; };
		90EB9EBB1707B126008457A3 /* symptom_6.png */ = {isa = PBXFileReference; lastKnownFileType = image.png; path = symptom_6.png; sourceTree = "<group>"; };
		90EB9EBC1707B126008457A3 /* symptom_6@2x.png */ = {isa = PBXFileReference; lastKnownFileType = image.png; path = "symptom_6@2x.png"; sourceTree = "<group>"; };
		90EB9EBD1707B126008457A3 /* symptom_7.png */ = {isa = PBXFileReference; lastKnownFileType = image.png; path = symptom_7.png; sourceTree = "<group>"; };
		90EB9EBE1707B126008457A3 /* symptom_7@2x.png */ = {isa = PBXFileReference; lastKnownFileType = image.png; path = "symptom_7@2x.png"; sourceTree = "<group>"; };
		90EB9EBF1707B126008457A3 /* symptom_8.png */ = {isa = PBXFileReference; lastKnownFileType = image.png; path = symptom_8.png; sourceTree = "<group>"; };
		90EB9EC01707B126008457A3 /* symptom_8@2x.png */ = {isa = PBXFileReference; lastKnownFileType = image.png; path = "symptom_8@2x.png"; sourceTree = "<group>"; };
		90EB9EC11707B126008457A3 /* symptom_9.png */ = {isa = PBXFileReference; lastKnownFileType = image.png; path = symptom_9.png; sourceTree = "<group>"; };
		90EB9EC21707B126008457A3 /* symptom_9@2x.png */ = {isa = PBXFileReference; lastKnownFileType = image.png; path = "symptom_9@2x.png"; sourceTree = "<group>"; };
		90EB9EC31707B126008457A3 /* symptoms_selected.png */ = {isa = PBXFileReference; lastKnownFileType = image.png; path = symptoms_selected.png; sourceTree = "<group>"; };
		90EB9EC41707B126008457A3 /* symptoms_selected@2x.png */ = {isa = PBXFileReference; lastKnownFileType = image.png; path = "symptoms_selected@2x.png"; sourceTree = "<group>"; };
		90EB9EE51707BA52008457A3 /* nav_back_button.png */ = {isa = PBXFileReference; lastKnownFileType = image.png; path = nav_back_button.png; sourceTree = "<group>"; };
		90EB9EE61707BA52008457A3 /* nav_back_button@2x.png */ = {isa = PBXFileReference; lastKnownFileType = image.png; path = "nav_back_button@2x.png"; sourceTree = "<group>"; };
/* End PBXFileReference section */

/* Begin PBXFrameworksBuildPhase section */
		90EB9DF717078C45008457A3 /* Frameworks */ = {
			isa = PBXFrameworksBuildPhase;
			buildActionMask = 2147483647;
			files = (
				907BA9541779A69E005944D6 /* AudioToolbox.framework in Frameworks */,
				90EB9DFE17078C45008457A3 /* UIKit.framework in Frameworks */,
				90EB9E0017078C45008457A3 /* Foundation.framework in Frameworks */,
				90EB9E0217078C45008457A3 /* CoreGraphics.framework in Frameworks */,
				90E9B53A1746D5930000760B /* QuartzCore.framework in Frameworks */,
			);
			runOnlyForDeploymentPostprocessing = 0;
		};
/* End PBXFrameworksBuildPhase section */

/* Begin PBXGroup section */
		9029876517881BEC00067D7A /* BPSettingsThemeViewController */ = {
			isa = PBXGroup;
			children = (
				9029876617881C0900067D7A /* BPSettingsThemeViewController.h */,
				9029876717881C0900067D7A /* BPSettingsThemeViewController.m */,
			);
			path = BPSettingsThemeViewController;
			sourceTree = "<group>";
		};
		9029876917881D4C00067D7A /* BPThemeCell */ = {
			isa = PBXGroup;
			children = (
				9029876A17881D6600067D7A /* BPThemeCell.h */,
				9029876B17881D6600067D7A /* BPThemeCell.m */,
			);
			path = BPThemeCell;
			sourceTree = "<group>";
		};
		905D99E01787E89B00C367E3 /* BPPickerView */ = {
			isa = PBXGroup;
			children = (
				905D99E11787E8B400C367E3 /* BPPickerView.h */,
				905D99E21787E8B400C367E3 /* BPPickerView.m */,
			);
			path = BPPickerView;
			sourceTree = "<group>";
		};
		905D99E41787E93B00C367E3 /* BPValuePicker */ = {
			isa = PBXGroup;
			children = (
				905D99E51787E95500C367E3 /* BPValuePicker.h */,
				905D99E61787E95500C367E3 /* BPValuePicker.m */,
				905D99EB1787EB1000C367E3 /* BPValuePickerDelegate.h */,
				905D99EF1787ECBB00C367E3 /* BPAbstractPicker.h */,
				905D99F01787ECBB00C367E3 /* BPAbstractPicker.m */,
				9005C55A1794346B001338BA /* BPDatePicker.h */,
				9005C55B1794346B001338BA /* BPDatePicker.m */,
				905D99F21787EDD300C367E3 /* BPTimePicker.h */,
				905D99F31787EDD300C367E3 /* BPTimePicker.m */,
				905D99F51788033300C367E3 /* BPSoundPicker.h */,
				905D99F61788033300C367E3 /* BPSoundPicker.m */,
				9029876217880C3A00067D7A /* BPLanguagePicker.h */,
				9029876317880C3A00067D7A /* BPLanguagePicker.m */,
				9005C55D17944415001338BA /* BPPeriodPicker.h */,
				9005C55E17944415001338BA /* BPPeriodPicker.m */,
				9005C56017944882001338BA /* BPUnitPicker.h */,
				9005C56117944882001338BA /* BPUnitPicker.m */,
			);
			path = BPValuePicker;
			sourceTree = "<group>";
		};
		907BA94717799CD1005944D6 /* BPSettingsAlarmViewController */ = {
			isa = PBXGroup;
			children = (
				907BA94817799CEE005944D6 /* BPSettingsAlarmViewController.h */,
				907BA94917799CEE005944D6 /* BPSettingsAlarmViewController.m */,
			);
			path = BPSettingsAlarmViewController;
			sourceTree = "<group>";
		};
		907BA94B17799D1E005944D6 /* BPSettingsLanguageViewController */ = {
			isa = PBXGroup;
			children = (
				907BA94C17799D1E005944D6 /* BPSettingsLanguageViewController.h */,
				907BA94D17799D1E005944D6 /* BPSettingsLanguageViewController.m */,
			);
			path = BPSettingsLanguageViewController;
			sourceTree = "<group>";
		};
		907BA94F1779A3A4005944D6 /* DSTPickerView */ = {
			isa = PBXGroup;
			children = (
				907BA9501779A3A4005944D6 /* DSTPickerView.h */,
				907BA9511779A3A4005944D6 /* DSTPickerView.m */,
			);
			path = DSTPickerView;
			sourceTree = "<group>";
		};
		907BA9551779AC97005944D6 /* NSDate-Utilities */ = {
			isa = PBXGroup;
			children = (
				907BA9561779AC97005944D6 /* NSDate-Utilities.h */,
				907BA9571779AC97005944D6 /* NSDate-Utilities.m */,
			);
			path = "NSDate-Utilities";
			sourceTree = "<group>";
		};
		90BA0665178D4A2B0045AB24 /* BPSettingsProfileViewController */ = {
			isa = PBXGroup;
			children = (
				90BA0666178D4A460045AB24 /* BPSettingsProfileViewController.h */,
				90BA0667178D4A460045AB24 /* BPSettingsProfileViewController.m */,
			);
			path = BPSettingsProfileViewController;
			sourceTree = "<group>";
		};
		90BA0669178D4AD80045AB24 /* BPTextField */ = {
			isa = PBXGroup;
			children = (
				90BA066A178D4AED0045AB24 /* BPTextField.h */,
				90BA066B178D4AED0045AB24 /* BPTextField.m */,
			);
			path = BPTextField;
			sourceTree = "<group>";
		};
		90BA066D178D4C5B0045AB24 /* BPLabel */ = {
			isa = PBXGroup;
			children = (
				90BA066E178D4C6B0045AB24 /* BPLabel.h */,
				90BA066F178D4C6B0045AB24 /* BPLabel.m */,
			);
			path = BPLabel;
			sourceTree = "<group>";
		};
		90BA0671178D4E770045AB24 /* BPSelectButton */ = {
			isa = PBXGroup;
			children = (
				90BA0672178D4E890045AB24 /* BPSelectButton.h */,
				90BA0673178D4E890045AB24 /* BPSelectButton.m */,
			);
			path = BPSelectButton;
			sourceTree = "<group>";
		};
		90E881B31778730600682BB3 /* BPTabBarController */ = {
			isa = PBXGroup;
			children = (
				90E881B41778731F00682BB3 /* BPTabBarController.h */,
				90E881B51778731F00682BB3 /* BPTabBarController.m */,
			);
			path = BPTabBarController;
			sourceTree = "<group>";
		};
		90E881B71778738300682BB3 /* Model */ = {
			isa = PBXGroup;
			children = (
				90E881B81778738300682BB3 /* Utils */,
			);
			path = Model;
			sourceTree = "<group>";
		};
		90E881B81778738300682BB3 /* Utils */ = {
			isa = PBXGroup;
			children = (
				90E881B91778739B00682BB3 /* BPUtils.h */,
				90E881BA1778739B00682BB3 /* BPUtils.m */,
			);
			path = Utils;
			sourceTree = "<group>";
		};
		90E881BC17788D6D00682BB3 /* BPViewController */ = {
			isa = PBXGroup;
			children = (
				90E881C017788D9700682BB3 /* BPViewController.h */,
				90E881C117788D9700682BB3 /* BPViewController.m */,
			);
			path = BPViewController;
			sourceTree = "<group>";
		};
		90E881C317788E0200682BB3 /* BPNavigationController */ = {
			isa = PBXGroup;
			children = (
				90E881C417788E1800682BB3 /* BPNavigationController.h */,
				90E881C517788E1800682BB3 /* BPNavigationController.m */,
			);
			path = BPNavigationController;
			sourceTree = "<group>";
		};
		90E881CA1778B20500682BB3 /* View */ = {
			isa = PBXGroup;
			children = (
				90E881D31778BAD500682BB3 /* BPSwitchCell */,
				90E881D81778C1B400682BB3 /* BPSettingsCell */,
				9029876917881D4C00067D7A /* BPThemeCell */,
				90E881CB1778B21100682BB3 /* BPSymptomsAndMoodCollectionViewCell */,
				905D99E01787E89B00C367E3 /* BPPickerView */,
				905D99E41787E93B00C367E3 /* BPValuePicker */,
				90BA0669178D4AD80045AB24 /* BPTextField */,
				90BA066D178D4C5B0045AB24 /* BPLabel */,
				90BA0671178D4E770045AB24 /* BPSelectButton */,
			);
			path = View;
			sourceTree = "<group>";
		};
		90E881CB1778B21100682BB3 /* BPSymptomsAndMoodCollectionViewCell */ = {
			isa = PBXGroup;
			children = (
				90E881CC1778B21100682BB3 /* BPSymptomsAndMoodCollectionViewCell.h */,
				90E881CD1778B21100682BB3 /* BPSymptomsAndMoodCollectionViewCell.m */,
			);
			path = BPSymptomsAndMoodCollectionViewCell;
			sourceTree = "<group>";
		};
		90E881CF1778BA2600682BB3 /* TTSwitch */ = {
			isa = PBXGroup;
			children = (
				90E881D01778BA2600682BB3 /* TTSwitch.h */,
				90E881D11778BA2600682BB3 /* TTSwitch.m */,
				90E881D71778BF0500682BB3 /* TTSwitchSubclass.h */,
			);
			path = TTSwitch;
			sourceTree = "<group>";
		};
		90E881D31778BAD500682BB3 /* BPSwitchCell */ = {
			isa = PBXGroup;
			children = (
				90E881D41778BB1700682BB3 /* BPSwitchCell.h */,
				90E881D51778BB1700682BB3 /* BPSwitchCell.m */,
			);
			path = BPSwitchCell;
			sourceTree = "<group>";
		};
		90E881D81778C1B400682BB3 /* BPSettingsCell */ = {
			isa = PBXGroup;
			children = (
				90E881D91778C1C400682BB3 /* BPSettingsCell.h */,
				90E881DA1778C1C400682BB3 /* BPSettingsCell.m */,
			);
			path = BPSettingsCell;
			sourceTree = "<group>";
		};
		90EB9DF117078C45008457A3 = {
			isa = PBXGroup;
			children = (
				90EB9E0317078C45008457A3 /* BabyPlanner */,
				90EB9DFC17078C45008457A3 /* Frameworks */,
				90EB9DFB17078C45008457A3 /* Products */,
			);
			sourceTree = "<group>";
		};
		90EB9DFB17078C45008457A3 /* Products */ = {
			isa = PBXGroup;
			children = (
				90EB9DFA17078C45008457A3 /* BabyPlanner.app */,
			);
			name = Products;
			sourceTree = "<group>";
		};
		90EB9DFC17078C45008457A3 /* Frameworks */ = {
			isa = PBXGroup;
			children = (
				907BA9531779A69E005944D6 /* AudioToolbox.framework */,
				90EB9DFD17078C45008457A3 /* UIKit.framework */,
				90EB9DFF17078C45008457A3 /* Foundation.framework */,
				90EB9E0117078C45008457A3 /* CoreGraphics.framework */,
				90E9B5391746D5930000760B /* QuartzCore.framework */,
			);
			name = Frameworks;
			sourceTree = "<group>";
		};
		90EB9E0317078C45008457A3 /* BabyPlanner */ = {
			isa = PBXGroup;
			children = (
				90EB9E44170790D9008457A3 /* Classes */,
				90EB9E941707A614008457A3 /* Vendor */,
				90EB9E2B17079021008457A3 /* Resources */,
				90EB9E0417078C45008457A3 /* Supporting Files */,
			);
			path = BabyPlanner;
			sourceTree = "<group>";
		};
		90EB9E0417078C45008457A3 /* Supporting Files */ = {
			isa = PBXGroup;
			children = (
				90EB9E0517078C45008457A3 /* BabyPlanner-Info.plist */,
				90EB9E0917078C45008457A3 /* main.m */,
				90EB9E0B17078C45008457A3 /* BabyPlanner-Prefix.pch */,
			);
			name = "Supporting Files";
			sourceTree = "<group>";
		};
		90EB9E2B17079021008457A3 /* Resources */ = {
			isa = PBXGroup;
			children = (
				90E881B1177872C300682BB3 /* BPImages.bundle */,
				903452EA17945BBE001B397B /* Sounds.bundle */,
				90EB9E2C17079021008457A3 /* InfoPlist.strings */,
				90EB9E2E17079021008457A3 /* MainStoryboard.storyboard */,
				90EB9E79170798C0008457A3 /* fonts */,
				90EB9E32170790AE008457A3 /* images */,
			);
			path = Resources;
			sourceTree = "<group>";
		};
		90EB9E32170790AE008457A3 /* images */ = {
			isa = PBXGroup;
			children = (
				90EB9E8317079AFD008457A3 /* app */,
				90EB9E661707961C008457A3 /* navbar */,
				90EB9EA41707B126008457A3 /* symptoms_and_mood */,
				90EB9E8A17079E15008457A3 /* notes */,
			);
			path = images;
			sourceTree = "<group>";
		};
		90EB9E44170790D9008457A3 /* Classes */ = {
			isa = PBXGroup;
			children = (
				90EB9E45170790D9008457A3 /* AppDelegate */,
				90E881B71778738300682BB3 /* Model */,
				90E881CA1778B20500682BB3 /* View */,
				90EB9E491707910D008457A3 /* Controller */,
			);
			path = Classes;
			sourceTree = "<group>";
		};
		90EB9E45170790D9008457A3 /* AppDelegate */ = {
			isa = PBXGroup;
			children = (
				90EB9E46170790D9008457A3 /* BPAppDelegate.h */,
				90EB9E47170790D9008457A3 /* BPAppDelegate.m */,
			);
			path = AppDelegate;
			sourceTree = "<group>";
		};
		90EB9E491707910D008457A3 /* Controller */ = {
			isa = PBXGroup;
			children = (
				90E881B31778730600682BB3 /* BPTabBarController */,
				90E881C317788E0200682BB3 /* BPNavigationController */,
				90EB9E7F1707997D008457A3 /* BPBaseViewController */,
				90E881BC17788D6D00682BB3 /* BPViewController */,
				90EB9E5017079193008457A3 /* BPMyTemperatureViewController */,
				90EB9E54170791C7008457A3 /* BPMyChartsViewController */,
				90EB9E5E170793B4008457A3 /* BPMyPregnancyViewController */,
				90EB9E61170793B4008457A3 /* BPSettingsViewController */,
				907BA94B17799D1E005944D6 /* BPSettingsLanguageViewController */,
				9029876517881BEC00067D7A /* BPSettingsThemeViewController */,
				907BA94717799CD1005944D6 /* BPSettingsAlarmViewController */,
				90BA0665178D4A2B0045AB24 /* BPSettingsProfileViewController */,
				90EB9E751707989D008457A3 /* BPNotesViewController */,
				90EB9E711707987B008457A3 /* BPSymptomsAndMoodViewController */,
			);
			path = Controller;
			sourceTree = "<group>";
		};
		90EB9E5017079193008457A3 /* BPMyTemperatureViewController */ = {
			isa = PBXGroup;
			children = (
				90EB9E5117079193008457A3 /* BPMyTemperatureViewController.h */,
				90EB9E5217079193008457A3 /* BPMyTemperatureViewController.m */,
			);
			path = BPMyTemperatureViewController;
			sourceTree = "<group>";
		};
		90EB9E54170791C7008457A3 /* BPMyChartsViewController */ = {
			isa = PBXGroup;
			children = (
				90EB9E55170791C7008457A3 /* BPMyChartsViewController.h */,
				90EB9E56170791C7008457A3 /* BPMyChartsViewController.m */,
			);
			path = BPMyChartsViewController;
			sourceTree = "<group>";
		};
		90EB9E5E170793B4008457A3 /* BPMyPregnancyViewController */ = {
			isa = PBXGroup;
			children = (
				90EB9E5F170793B4008457A3 /* BPMyPregnancyViewController.h */,
				90EB9E60170793B4008457A3 /* BPMyPregnancyViewController.m */,
			);
			path = BPMyPregnancyViewController;
			sourceTree = "<group>";
		};
		90EB9E61170793B4008457A3 /* BPSettingsViewController */ = {
			isa = PBXGroup;
			children = (
				90EB9E62170793B4008457A3 /* BPSettingsViewController.h */,
				90EB9E63170793B4008457A3 /* BPSettingsViewController.m */,
			);
			path = BPSettingsViewController;
			sourceTree = "<group>";
		};
		90EB9E661707961C008457A3 /* navbar */ = {
			isa = PBXGroup;
			children = (
				90EB9E671707961C008457A3 /* nav_background.png */,
				90EB9E681707961C008457A3 /* nav_background@2x.png */,
				90EB9EE51707BA52008457A3 /* nav_back_button.png */,
				90EB9EE61707BA52008457A3 /* nav_back_button@2x.png */,
			);
			path = navbar;
			sourceTree = "<group>";
		};
		90EB9E711707987B008457A3 /* BPSymptomsAndMoodViewController */ = {
			isa = PBXGroup;
			children = (
				90EB9E721707987B008457A3 /* BPSymptomsAndMoodViewController.h */,
				90EB9E731707987B008457A3 /* BPSymptomsAndMoodViewController.m */,
			);
			path = BPSymptomsAndMoodViewController;
			sourceTree = "<group>";
		};
		90EB9E751707989D008457A3 /* BPNotesViewController */ = {
			isa = PBXGroup;
			children = (
				90EB9E761707989D008457A3 /* BPNotesViewController.h */,
				90EB9E771707989D008457A3 /* BPNotesViewController.m */,
			);
			path = BPNotesViewController;
			sourceTree = "<group>";
		};
		90EB9E79170798C0008457A3 /* fonts */ = {
			isa = PBXGroup;
			children = (
				90EB9E7A170798C0008457A3 /* Gabriola.ttf */,
			);
			path = fonts;
			sourceTree = "<group>";
		};
		90EB9E7F1707997D008457A3 /* BPBaseViewController */ = {
			isa = PBXGroup;
			children = (
				90EB9E801707997E008457A3 /* BPBaseViewController.h */,
				90EB9E811707997E008457A3 /* BPBaseViewController.m */,
			);
			path = BPBaseViewController;
			sourceTree = "<group>";
		};
		90EB9E8317079AFD008457A3 /* app */ = {
			isa = PBXGroup;
			children = (
				90EB9E8417079AFD008457A3 /* Default-568h@2x.png */,
				90EB9E8517079AFD008457A3 /* Default.png */,
				90EB9E8617079AFD008457A3 /* Default@2x.png */,
			);
			path = app;
			sourceTree = "<group>";
		};
		90EB9E8A17079E15008457A3 /* notes */ = {
			isa = PBXGroup;
			children = (
				90EB9E8B17079E15008457A3 /* notes_header.png */,
				90EB9E8C17079E15008457A3 /* notes_header@2x.png */,
			);
			path = notes;
			sourceTree = "<group>";
		};
		90EB9E941707A614008457A3 /* Vendor */ = {
			isa = PBXGroup;
			children = (
				907BA9551779AC97005944D6 /* NSDate-Utilities */,
				907BA94F1779A3A4005944D6 /* DSTPickerView */,
				90E881CF1778BA2600682BB3 /* TTSwitch */,
				90EB9E951707A66A008457A3 /* EKKeyboardAvoidingScrollView */,
			);
			path = Vendor;
			sourceTree = "<group>";
		};
		90EB9E951707A66A008457A3 /* EKKeyboardAvoidingScrollView */ = {
			isa = PBXGroup;
			children = (
				90EB9E961707A66A008457A3 /* EKKeyboardAvoidingScrollViewManager.h */,
				90EB9E971707A66A008457A3 /* EKKeyboardAvoidingScrollViewManager.m */,
			);
			path = EKKeyboardAvoidingScrollView;
			sourceTree = "<group>";
		};
		90EB9EA41707B126008457A3 /* symptoms_and_mood */ = {
			isa = PBXGroup;
			children = (
				90EB9EA51707B126008457A3 /* symptom_1.png */,
				90EB9EA61707B126008457A3 /* symptom_10.png */,
				90EB9EA71707B126008457A3 /* symptom_10@2x.png */,
				90EB9EA81707B126008457A3 /* symptom_11.png */,
				90EB9EA91707B126008457A3 /* symptom_11@2x.png */,
				90EB9EAA1707B126008457A3 /* symptom_12.png */,
				90EB9EAB1707B126008457A3 /* symptom_12@2x.png */,
				90EB9EAC1707B126008457A3 /* symptom_13.png */,
				90EB9EAD1707B126008457A3 /* symptom_13@2x.png */,
				90EB9EAE1707B126008457A3 /* symptom_14.png */,
				90EB9EAF1707B126008457A3 /* symptom_14@2x.png */,
				90EB9EB01707B126008457A3 /* symptom_15.png */,
				90EB9EB11707B126008457A3 /* symptom_15@2x.png */,
				90EB9EB21707B126008457A3 /* symptom_1@2x.png */,
				90EB9EB31707B126008457A3 /* symptom_2.png */,
				90EB9EB41707B126008457A3 /* symptom_2@2x.png */,
				90EB9EB51707B126008457A3 /* symptom_3.png */,
				90EB9EB61707B126008457A3 /* symptom_3@2x.png */,
				90EB9EB71707B126008457A3 /* symptom_4.png */,
				90EB9EB81707B126008457A3 /* symptom_4@2x.png */,
				90EB9EB91707B126008457A3 /* symptom_5.png */,
				90EB9EBA1707B126008457A3 /* symptom_5@2x.png */,
				90EB9EBB1707B126008457A3 /* symptom_6.png */,
				90EB9EBC1707B126008457A3 /* symptom_6@2x.png */,
				90EB9EBD1707B126008457A3 /* symptom_7.png */,
				90EB9EBE1707B126008457A3 /* symptom_7@2x.png */,
				90EB9EBF1707B126008457A3 /* symptom_8.png */,
				90EB9EC01707B126008457A3 /* symptom_8@2x.png */,
				90EB9EC11707B126008457A3 /* symptom_9.png */,
				90EB9EC21707B126008457A3 /* symptom_9@2x.png */,
				90EB9EC31707B126008457A3 /* symptoms_selected.png */,
				90EB9EC41707B126008457A3 /* symptoms_selected@2x.png */,
			);
			path = symptoms_and_mood;
			sourceTree = "<group>";
		};
/* End PBXGroup section */

/* Begin PBXNativeTarget section */
		90EB9DF917078C45008457A3 /* BabyPlanner */ = {
			isa = PBXNativeTarget;
			buildConfigurationList = 90EB9E2817078C45008457A3 /* Build configuration list for PBXNativeTarget "BabyPlanner" */;
			buildPhases = (
				90EB9DF617078C45008457A3 /* Sources */,
				90EB9DF717078C45008457A3 /* Frameworks */,
				90EB9DF817078C45008457A3 /* Resources */,
			);
			buildRules = (
			);
			dependencies = (
			);
			name = BabyPlanner;
			productName = BabyPlanner;
			productReference = 90EB9DFA17078C45008457A3 /* BabyPlanner.app */;
			productType = "com.apple.product-type.application";
		};
/* End PBXNativeTarget section */

/* Begin PBXProject section */
		90EB9DF217078C45008457A3 /* Project object */ = {
			isa = PBXProject;
			attributes = {
				CLASSPREFIX = BP;
				LastUpgradeCheck = 0460;
				ORGANIZATIONNAME = "Mykola Vyshynskyi";
			};
			buildConfigurationList = 90EB9DF517078C45008457A3 /* Build configuration list for PBXProject "BabyPlanner" */;
			compatibilityVersion = "Xcode 3.2";
			developmentRegion = English;
			hasScannedForEncodings = 0;
			knownRegions = (
				en,
			);
			mainGroup = 90EB9DF117078C45008457A3;
			productRefGroup = 90EB9DFB17078C45008457A3 /* Products */;
			projectDirPath = "";
			projectRoot = "";
			targets = (
				90EB9DF917078C45008457A3 /* BabyPlanner */,
			);
		};
/* End PBXProject section */

/* Begin PBXResourcesBuildPhase section */
		90EB9DF817078C45008457A3 /* Resources */ = {
			isa = PBXResourcesBuildPhase;
			buildActionMask = 2147483647;
			files = (
				90EB9E3017079021008457A3 /* InfoPlist.strings in Resources */,
				90EB9E3117079021008457A3 /* MainStoryboard.storyboard in Resources */,
				90EB9E691707961C008457A3 /* nav_background.png in Resources */,
				90EB9E6A1707961C008457A3 /* nav_background@2x.png in Resources */,
				90EB9E7B170798C0008457A3 /* Gabriola.ttf in Resources */,
				90EB9E8717079AFD008457A3 /* Default-568h@2x.png in Resources */,
				90EB9E8817079AFD008457A3 /* Default.png in Resources */,
				90EB9E8917079AFD008457A3 /* Default@2x.png in Resources */,
				90EB9E8D17079E15008457A3 /* notes_header.png in Resources */,
				90EB9E8E17079E15008457A3 /* notes_header@2x.png in Resources */,
				90EB9EC51707B126008457A3 /* symptom_1.png in Resources */,
				90EB9EC61707B126008457A3 /* symptom_10.png in Resources */,
				90EB9EC71707B126008457A3 /* symptom_10@2x.png in Resources */,
				90EB9EC81707B126008457A3 /* symptom_11.png in Resources */,
				90EB9EC91707B126008457A3 /* symptom_11@2x.png in Resources */,
				90EB9ECA1707B126008457A3 /* symptom_12.png in Resources */,
				90EB9ECB1707B126008457A3 /* symptom_12@2x.png in Resources */,
				90EB9ECC1707B126008457A3 /* symptom_13.png in Resources */,
				90EB9ECD1707B126008457A3 /* symptom_13@2x.png in Resources */,
				90EB9ECE1707B126008457A3 /* symptom_14.png in Resources */,
				90EB9ECF1707B126008457A3 /* symptom_14@2x.png in Resources */,
				90EB9ED01707B126008457A3 /* symptom_15.png in Resources */,
				90EB9ED11707B126008457A3 /* symptom_15@2x.png in Resources */,
				90EB9ED21707B126008457A3 /* symptom_1@2x.png in Resources */,
				90EB9ED31707B126008457A3 /* symptom_2.png in Resources */,
				90EB9ED41707B126008457A3 /* symptom_2@2x.png in Resources */,
				90EB9ED51707B126008457A3 /* symptom_3.png in Resources */,
				90EB9ED61707B126008457A3 /* symptom_3@2x.png in Resources */,
				90EB9ED71707B126008457A3 /* symptom_4.png in Resources */,
				90EB9ED81707B126008457A3 /* symptom_4@2x.png in Resources */,
				90EB9ED91707B126008457A3 /* symptom_5.png in Resources */,
				90EB9EDA1707B126008457A3 /* symptom_5@2x.png in Resources */,
				90EB9EDB1707B126008457A3 /* symptom_6.png in Resources */,
				90EB9EDC1707B126008457A3 /* symptom_6@2x.png in Resources */,
				90EB9EDD1707B126008457A3 /* symptom_7.png in Resources */,
				90EB9EDE1707B126008457A3 /* symptom_7@2x.png in Resources */,
				90EB9EDF1707B126008457A3 /* symptom_8.png in Resources */,
				90EB9EE01707B126008457A3 /* symptom_8@2x.png in Resources */,
				90EB9EE11707B126008457A3 /* symptom_9.png in Resources */,
				90EB9EE21707B126008457A3 /* symptom_9@2x.png in Resources */,
				90EB9EE31707B126008457A3 /* symptoms_selected.png in Resources */,
				90EB9EE41707B126008457A3 /* symptoms_selected@2x.png in Resources */,
				90EB9EE71707BA52008457A3 /* nav_back_button.png in Resources */,
				90E881B2177872C300682BB3 /* BPImages.bundle in Resources */,
				90EB9EE81707BA52008457A3 /* nav_back_button@2x.png in Resources */,
				903452EB17945BBE001B397B /* Sounds.bundle in Resources */,
			);
			runOnlyForDeploymentPostprocessing = 0;
		};
/* End PBXResourcesBuildPhase section */

/* Begin PBXSourcesBuildPhase section */
		90EB9DF617078C45008457A3 /* Sources */ = {
			isa = PBXSourcesBuildPhase;
			buildActionMask = 2147483647;
			files = (
				905D99E31787E8B400C367E3 /* BPPickerView.m in Sources */,
				90E881D61778BB1700682BB3 /* BPSwitchCell.m in Sources */,
				9005C55F17944415001338BA /* BPPeriodPicker.m in Sources */,
				905D99F71788033300C367E3 /* BPSoundPicker.m in Sources */,
				90BA066C178D4AED0045AB24 /* BPTextField.m in Sources */,
				9029876C17881D6600067D7A /* BPThemeCell.m in Sources */,
				90E881C217788D9700682BB3 /* BPViewController.m in Sources */,
				90EB9E0A17078C45008457A3 /* main.m in Sources */,
				90BA0670178D4C6B0045AB24 /* BPLabel.m in Sources */,
				90E881B61778731F00682BB3 /* BPTabBarController.m in Sources */,
				90EB9E48170790D9008457A3 /* BPAppDelegate.m in Sources */,
				90EB9E5317079193008457A3 /* BPMyTemperatureViewController.m in Sources */,
				9029876817881C0900067D7A /* BPSettingsThemeViewController.m in Sources */,
				905D99E71787E95500C367E3 /* BPValuePicker.m in Sources */,
				90EB9E57170791C7008457A3 /* BPMyChartsViewController.m in Sources */,
				90BA0668178D4A460045AB24 /* BPSettingsProfileViewController.m in Sources */,
				90BA0674178D4E890045AB24 /* BPSelectButton.m in Sources */,
				90EB9E64170793B4008457A3 /* BPMyPregnancyViewController.m in Sources */,
				907BA94A17799CEE005944D6 /* BPSettingsAlarmViewController.m in Sources */,
				90E881CE1778B21100682BB3 /* BPSymptomsAndMoodCollectionViewCell.m in Sources */,
				90E881C617788E1800682BB3 /* BPNavigationController.m in Sources */,
				90E881DB1778C1C400682BB3 /* BPSettingsCell.m in Sources */,
				9005C55C1794346B001338BA /* BPDatePicker.m in Sources */,
				90EB9E65170793B4008457A3 /* BPSettingsViewController.m in Sources */,
				90EB9E741707987B008457A3 /* BPSymptomsAndMoodViewController.m in Sources */,
				9029876417880C3A00067D7A /* BPLanguagePicker.m in Sources */,
				90EB9E781707989D008457A3 /* BPNotesViewController.m in Sources */,
				90EB9E821707997E008457A3 /* BPBaseViewController.m in Sources */,
				905D99F11787ECBB00C367E3 /* BPAbstractPicker.m in Sources */,
				90E881BB1778739B00682BB3 /* BPUtils.m in Sources */,
				905D99F41787EDD300C367E3 /* BPTimePicker.m in Sources */,
				907BA94E17799D1E005944D6 /* BPSettingsLanguageViewController.m in Sources */,
				90EB9E981707A66A008457A3 /* EKKeyboardAvoidingScrollViewManager.m in Sources */,
				90E881D21778BA2600682BB3 /* TTSwitch.m in Sources */,
				9005C56217944882001338BA /* BPUnitPicker.m in Sources */,
				907BA9521779A3A4005944D6 /* DSTPickerView.m in Sources */,
				907BA9581779AC97005944D6 /* NSDate-Utilities.m in Sources */,
			);
			runOnlyForDeploymentPostprocessing = 0;
		};
/* End PBXSourcesBuildPhase section */

/* Begin PBXVariantGroup section */
		90EB9E2C17079021008457A3 /* InfoPlist.strings */ = {
			isa = PBXVariantGroup;
			children = (
				90EB9E2D17079021008457A3 /* en */,
			);
			name = InfoPlist.strings;
			sourceTree = "<group>";
		};
		90EB9E2E17079021008457A3 /* MainStoryboard.storyboard */ = {
			isa = PBXVariantGroup;
			children = (
				90EB9E2F17079021008457A3 /* en */,
			);
			name = MainStoryboard.storyboard;
			sourceTree = "<group>";
		};
/* End PBXVariantGroup section */

/* Begin XCBuildConfiguration section */
		905F035F1788265F00D5E86D /* AdHoc */ = {
			isa = XCBuildConfiguration;
			buildSettings = {
				ALWAYS_SEARCH_USER_PATHS = NO;
				CLANG_CXX_LANGUAGE_STANDARD = "gnu++0x";
				CLANG_CXX_LIBRARY = "libc++";
				CLANG_ENABLE_OBJC_ARC = YES;
				CLANG_WARN_CONSTANT_CONVERSION = YES;
				CLANG_WARN_EMPTY_BODY = YES;
				CLANG_WARN_ENUM_CONVERSION = YES;
				CLANG_WARN_INT_CONVERSION = YES;
				CLANG_WARN__DUPLICATE_METHOD_MATCH = YES;
				"CODE_SIGN_IDENTITY[sdk=iphoneos*]" = "iPhone Developer";
				COPY_PHASE_STRIP = YES;
				GCC_C_LANGUAGE_STANDARD = gnu99;
				GCC_WARN_ABOUT_RETURN_TYPE = YES;
				GCC_WARN_UNINITIALIZED_AUTOS = YES;
				GCC_WARN_UNUSED_VARIABLE = YES;
				IPHONEOS_DEPLOYMENT_TARGET = 6.0;
				OTHER_CFLAGS = "-DNS_BLOCK_ASSERTIONS=1";
				SDKROOT = iphoneos;
				VALIDATE_PRODUCT = YES;
			};
			name = AdHoc;
		};
		905F03601788265F00D5E86D /* AdHoc */ = {
			isa = XCBuildConfiguration;
			buildSettings = {
				GCC_PRECOMPILE_PREFIX_HEADER = YES;
				GCC_PREFIX_HEADER = "BabyPlanner/BabyPlanner-Prefix.pch";
				INFOPLIST_FILE = "BabyPlanner/BabyPlanner-Info.plist";
				PRODUCT_NAME = "$(TARGET_NAME)";
				WRAPPER_EXTENSION = app;
			};
			name = AdHoc;
		};
		90EB9E2617078C45008457A3 /* Debug */ = {
			isa = XCBuildConfiguration;
			buildSettings = {
				ALWAYS_SEARCH_USER_PATHS = NO;
				CLANG_CXX_LANGUAGE_STANDARD = "gnu++0x";
				CLANG_CXX_LIBRARY = "libc++";
				CLANG_ENABLE_OBJC_ARC = YES;
				CLANG_WARN_CONSTANT_CONVERSION = YES;
				CLANG_WARN_EMPTY_BODY = YES;
				CLANG_WARN_ENUM_CONVERSION = YES;
				CLANG_WARN_INT_CONVERSION = YES;
				CLANG_WARN__DUPLICATE_METHOD_MATCH = YES;
				"CODE_SIGN_IDENTITY[sdk=iphoneos*]" = "iPhone Developer";
				COPY_PHASE_STRIP = NO;
				GCC_C_LANGUAGE_STANDARD = gnu99;
				GCC_DYNAMIC_NO_PIC = NO;
				GCC_OPTIMIZATION_LEVEL = 0;
				GCC_PREPROCESSOR_DEFINITIONS = (
					"DEBUG=1",
					"$(inherited)",
				);
				GCC_SYMBOLS_PRIVATE_EXTERN = NO;
				GCC_WARN_ABOUT_RETURN_TYPE = YES;
				GCC_WARN_UNINITIALIZED_AUTOS = YES;
				GCC_WARN_UNUSED_VARIABLE = YES;
				IPHONEOS_DEPLOYMENT_TARGET = 6.0;
				ONLY_ACTIVE_ARCH = YES;
				SDKROOT = iphoneos;
			};
			name = Debug;
		};
		90EB9E2717078C45008457A3 /* Release */ = {
			isa = XCBuildConfiguration;
			buildSettings = {
				ALWAYS_SEARCH_USER_PATHS = NO;
				CLANG_CXX_LANGUAGE_STANDARD = "gnu++0x";
				CLANG_CXX_LIBRARY = "libc++";
				CLANG_ENABLE_OBJC_ARC = YES;
				CLANG_WARN_CONSTANT_CONVERSION = YES;
				CLANG_WARN_EMPTY_BODY = YES;
				CLANG_WARN_ENUM_CONVERSION = YES;
				CLANG_WARN_INT_CONVERSION = YES;
				CLANG_WARN__DUPLICATE_METHOD_MATCH = YES;
				"CODE_SIGN_IDENTITY[sdk=iphoneos*]" = "iPhone Developer";
				COPY_PHASE_STRIP = YES;
				GCC_C_LANGUAGE_STANDARD = gnu99;
				GCC_WARN_ABOUT_RETURN_TYPE = YES;
				GCC_WARN_UNINITIALIZED_AUTOS = YES;
				GCC_WARN_UNUSED_VARIABLE = YES;
				IPHONEOS_DEPLOYMENT_TARGET = 6.0;
				OTHER_CFLAGS = "-DNS_BLOCK_ASSERTIONS=1";
				SDKROOT = iphoneos;
				VALIDATE_PRODUCT = YES;
			};
			name = Release;
		};
		90EB9E2917078C45008457A3 /* Debug */ = {
			isa = XCBuildConfiguration;
			buildSettings = {
				GCC_PRECOMPILE_PREFIX_HEADER = YES;
				GCC_PREFIX_HEADER = "BabyPlanner/BabyPlanner-Prefix.pch";
				INFOPLIST_FILE = "BabyPlanner/BabyPlanner-Info.plist";
				PRODUCT_NAME = "$(TARGET_NAME)";
				WRAPPER_EXTENSION = app;
			};
			name = Debug;
		};
		90EB9E2A17078C45008457A3 /* Release */ = {
			isa = XCBuildConfiguration;
			buildSettings = {
				"CODE_SIGN_IDENTITY[sdk=iphoneos*]" = "iPhone Developer: Kirill Rozhkovskiy (F2MA724GHH)";
				GCC_PRECOMPILE_PREFIX_HEADER = YES;
				GCC_PREFIX_HEADER = "BabyPlanner/BabyPlanner-Prefix.pch";
				INFOPLIST_FILE = "BabyPlanner/BabyPlanner-Info.plist";
				PRODUCT_NAME = "$(TARGET_NAME)";
				"PROVISIONING_PROFILE[sdk=iphoneos*]" = "39E2D4A5-B4B8-4882-B0A5-5F96EBBBA5AD";
				WRAPPER_EXTENSION = app;
			};
			name = Release;
		};
/* End XCBuildConfiguration section */

/* Begin XCConfigurationList section */
		90EB9DF517078C45008457A3 /* Build configuration list for PBXProject "BabyPlanner" */ = {
			isa = XCConfigurationList;
			buildConfigurations = (
				90EB9E2617078C45008457A3 /* Debug */,
				90EB9E2717078C45008457A3 /* Release */,
				905F035F1788265F00D5E86D /* AdHoc */,
			);
			defaultConfigurationIsVisible = 0;
			defaultConfigurationName = AdHoc;
		};
		90EB9E2817078C45008457A3 /* Build configuration list for PBXNativeTarget "BabyPlanner" */ = {
			isa = XCConfigurationList;
			buildConfigurations = (
				90EB9E2917078C45008457A3 /* Debug */,
				90EB9E2A17078C45008457A3 /* Release */,
				905F03601788265F00D5E86D /* AdHoc */,
			);
			defaultConfigurationIsVisible = 0;
			defaultConfigurationName = AdHoc;
		};
/* End XCConfigurationList section */
	};
	rootObject = 90EB9DF217078C45008457A3 /* Project object */;
}
